Microsoft Visual Studio Solution File, Format Version 10.00
# Visual Studio 2008
Project("{FAE04EC0-301F-11D3-BF4B-00C04F79EFBC}") = "AstroGrep", "WinformsGUI\AstroGrep.csproj", "{583FF22B-9586-4543-B4B4-747E06C963ED}"
EndProject
Global
	GlobalSection(SolutionConfigurationPlatforms) = preSolution
		Debug|Any CPU = Debug|Any CPU
		Release|Any CPU = Release|Any CPU
	EndGlobalSection
	GlobalSection(ProjectConfigurationPlatforms) = postSolution
		{583FF22B-9586-4543-B4B4-747E06C963ED}.Debug|Any CPU.ActiveCfg = Debug|Any CPU
		{583FF22B-9586-4543-B4B4-747E06C963ED}.Debug|Any CPU.Build.0 = Debug|Any CPU
		{583FF22B-9586-4543-B4B4-747E06C963ED}.Release|Any CPU.ActiveCfg = Release|Any CPU
		{583FF22B-9586-4543-B4B4-747E06C963ED}.Release|Any CPU.Build.0 = Release|Any CPU
	EndGlobalSection
	GlobalSection(SolutionProperties) = preSolution
		HideSolutionNode = FALSE
	EndGlobalSection
EndGlobal
